
Microsoft Visual Studio Solution File, Format Version 12.00
# Visual Studio Version 17
VisualStudioVersion = 17.1.32328.378
MinimumVisualStudioVersion = 10.0.40219.1
Project("{FAE04EC0-301F-11D3-BF4B-00C04F79EFBC}") = "PocTableStorage1", "PocTableStorage1\PocTableStorage1.csproj", "{0F079072-A543-41B4-8A0D-CA18F9108FB8}"
EndProject
Global
	GlobalSection(SolutionConfigurationPlatforms) = preSolution
		Debug|Any CPU = Debug|Any CPU
		Release|Any CPU = Release|Any CPU
	EndGlobalSection
	GlobalSection(ProjectConfigurationPlatforms) = postSolution
		{0F079072-A543-41B4-8A0D-CA18F9108FB8}.Debug|Any CPU.ActiveCfg = Debug|Any CPU
		{0F079072-A543-41B4-8A0D-CA18F9108FB8}.Debug|Any CPU.Build.0 = Debug|Any CPU
		{0F079072-A543-41B4-8A0D-CA18F9108FB8}.Release|Any CPU.ActiveCfg = Release|Any CPU
		{0F079072-A543-41B4-8A0D-CA18F9108FB8}.Release|Any CPU.Build.0 = Release|Any CPU
	EndGlobalSection
	GlobalSection(SolutionProperties) = preSolution
		HideSolutionNode = FALSE
	EndGlobalSection
	GlobalSection(ExtensibilityGlobals) = postSolution
		SolutionGuid = {FAF25095-26FF-44A8-B5A4-0B87AF5D588E}
	EndGlobalSection
EndGlobal
